
Microsoft Visual Studio Solution File, Format Version 12.00
# Visual Studio Version 17
VisualStudioVersion = 17.7.34221.43
MinimumVisualStudioVersion = 10.0.40219.1
Project("{9A19103F-16F7-4668-BE54-9A1E7A4F7556}") = "AuthAPI", "AuthAPI\AuthAPI.csproj", "{5DF93C02-7409-4D24-BA39-F4B47E45D952}"
EndProject
Project("{FAE04EC0-301F-11D3-BF4B-00C04F79EFBC}") = "AuthUI", "AuthUI\AuthUI.csproj", "{876D7646-57D1-433F-B11E-6856E56DC0A6}"
EndProject
Global
	GlobalSection(SolutionConfigurationPlatforms) = preSolution
		Debug|Any CPU = Debug|Any CPU
		Release|Any CPU = Release|Any CPU
	EndGlobalSection
	GlobalSection(ProjectConfigurationPlatforms) = postSolution
		{5DF93C02-7409-4D24-BA39-F4B47E45D952}.Debug|Any CPU.ActiveCfg = Debug|Any CPU
		{5DF93C02-7409-4D24-BA39-F4B47E45D952}.Debug|Any CPU.Build.0 = Debug|Any CPU
		{5DF93C02-7409-4D24-BA39-F4B47E45D952}.Release|Any CPU.ActiveCfg = Release|Any CPU
		{5DF93C02-7409-4D24-BA39-F4B47E45D952}.Release|Any CPU.Build.0 = Release|Any CPU
		{876D7646-57D1-433F-B11E-6856E56DC0A6}.Debug|Any CPU.ActiveCfg = Debug|Any CPU
		{876D7646-57D1-433F-B11E-6856E56DC0A6}.Debug|Any CPU.Build.0 = Debug|Any CPU
		{876D7646-57D1-433F-B11E-6856E56DC0A6}.Release|Any CPU.ActiveCfg = Release|Any CPU
		{876D7646-57D1-433F-B11E-6856E56DC0A6}.Release|Any CPU.Build.0 = Release|Any CPU
	EndGlobalSection
	GlobalSection(SolutionProperties) = preSolution
		HideSolutionNode = FALSE
	EndGlobalSection
	GlobalSection(ExtensibilityGlobals) = postSolution
		SolutionGuid = {02D69CA4-0AA6-4939-A408-45E08674F951}
	EndGlobalSection
EndGlobal
